<?xml version="1.0" encoding="UTF-8" standalone="yes" ?>
<CodeBlocks_project_file>
	<FileVersion major="1" minor="6" />
	<Project>
		<Option title="Overseer" />
		<Option pch_mode="2" />
		<Option compiler="gcc" />
		<Build>
			<Target title="Debug">
				<Option output="bin\Debug\Overseer" prefix_auto="1" extension_auto="1" />
				<Option object_output="obj\Debug\" />
				<Option type="1" />
				<Option compiler="gcc" />
				<Compiler>
					<Add option="-g" />
				</Compiler>
				<Linker>
					<Add library="C:\DFHack\output\libdfhack.dll.a" />
					<Add library="C:\OpenSceneGraph\lib\libOpenThreads.dll.a" />
					<Add library="C:\OpenSceneGraph\lib\libosg.dll.a" />
					<Add library="C:\OpenSceneGraph\lib\libosgAnimation.dll.a" />
					<Add library="C:\OpenSceneGraph\lib\libosgDB.dll.a" />
					<Add library="C:\OpenSceneGraph\lib\libosgFX.dll.a" />
					<Add library="C:\OpenSceneGraph\lib\libosgGA.dll.a" />
					<Add library="C:\OpenSceneGraph\lib\libosgManipulator.dll.a" />
					<Add library="C:\OpenSceneGraph\lib\libosgParticle.dll.a" />
					<Add library="C:\OpenSceneGraph\lib\libosgPresentation.dll.a" />
					<Add library="C:\OpenSceneGraph\lib\libosgQt.dll.a" />
					<Add library="C:\OpenSceneGraph\lib\libosgShadow.dll.a" />
					<Add library="C:\OpenSceneGraph\lib\libosgSim.dll.a" />
					<Add library="C:\OpenSceneGraph\lib\libosgTerrain.dll.a" />
					<Add library="C:\OpenSceneGraph\lib\libosgText.dll.a" />
					<Add library="C:\OpenSceneGraph\lib\libosgUtil.dll.a" />
					<Add library="C:\OpenSceneGraph\lib\libosgViewer.dll.a" />
					<Add library="C:\OpenSceneGraph\lib\libosgVolume.dll.a" />
					<Add library="C:\OpenSceneGraph\lib\libosgWidget.dll.a" />
					<Add library="C:\OpenSceneGraph\lib\libOIS.a" />
					<Add library="C:\MinGW\lib\libcomdlg32.a" />
				</Linker>
			</Target>
			<Target title="Release">
				<Option output="bin\Release\Overseer" prefix_auto="1" extension_auto="1" />
				<Option object_output="obj\Release\" />
				<Option type="1" />
				<Option compiler="gcc" />
				<Compiler>
					<Add option="-O2" />
				</Compiler>
				<Linker>
					<Add option="-s" />
				</Linker>
			</Target>
		</Build>
		<Compiler>
			<Add option="-Wall" />
			<Add directory="C:\OpenSceneGraph\include" />
			<Add directory="C:\DFHack\library\include" />
			<Add directory="C:\Overseer\src\include" />
		</Compiler>
		<Unit filename="src\DwarfGeometry.cpp" />
		<Unit filename="src\depends\tinystr.cpp" />
		<Unit filename="src\depends\tinystr.h" />
		<Unit filename="src\depends\tinyxml.cpp" />
		<Unit filename="src\depends\tinyxml.h" />
		<Unit filename="src\depends\tinyxmlerror.cpp" />
		<Unit filename="src\depends\tinyxmlparser.cpp" />
		<Unit filename="src\include\DwarfGeometry.h" />
		<Unit filename="src\include\Overseer.h" />
		<Unit filename="src\include\SimpleIni.h" />
		<Unit filename="src\main.cpp" />
		<Unit filename="src\overseer.cpp" />
		<Extensions>
			<code_completion />
			<envvars />
			<debugger />
		</Extensions>
	</Project>
</CodeBlocks_project_file>
